
Microsoft Visual Studio Solution File, Format Version 12.00
# Visual Studio 2013
VisualStudioVersion = 12.0.21005.1
MinimumVisualStudioVersion = 10.0.40219.1
Project("{FAE04EC0-301F-11D3-BF4B-00C04F79EFBC}") = "asthanarht.fbindi", "asthanarht.fbindi\asthanarht.fbindi.csproj", "{1BD14462-9C8F-4151-9DD3-1D079B07FBA4}"
EndProject
Project("{FAE04EC0-301F-11D3-BF4B-00C04F79EFBC}") = "asthanarht.fbindi.Tests", "asthanarht.fbindi.Tests\asthanarht.fbindi.Tests.csproj", "{855CFD08-4341-4543-89F7-33ABD9B5AB05}"
EndProject
Global
	GlobalSection(TeamFoundationVersionControl) = preSolution
		SccNumberOfProjects = 3
		SccEnterpriseProvider = {4CA58AB2-18FA-4F8D-95D4-32DDF27D184C}
		SccTeamFoundationServer = https://tfs.codeplex.com/tfs/tfs15
		SccLocalPath0 = .
		SccProjectUniqueName1 = asthanarht.fbindi.Tests\\asthanarht.fbindi.Tests.csproj
		SccProjectName1 = asthanarht.fbindi.Tests
		SccLocalPath1 = asthanarht.fbindi.Tests
		SccProjectUniqueName2 = asthanarht.fbindi\\asthanarht.fbindi.csproj
		SccProjectName2 = asthanarht.fbindi
		SccLocalPath2 = asthanarht.fbindi
	EndGlobalSection
	GlobalSection(SolutionConfigurationPlatforms) = preSolution
		Debug|Any CPU = Debug|Any CPU
		Release|Any CPU = Release|Any CPU
	EndGlobalSection
	GlobalSection(ProjectConfigurationPlatforms) = postSolution
		{1BD14462-9C8F-4151-9DD3-1D079B07FBA4}.Debug|Any CPU.ActiveCfg = Debug|Any CPU
		{1BD14462-9C8F-4151-9DD3-1D079B07FBA4}.Debug|Any CPU.Build.0 = Debug|Any CPU
		{1BD14462-9C8F-4151-9DD3-1D079B07FBA4}.Release|Any CPU.ActiveCfg = Release|Any CPU
		{1BD14462-9C8F-4151-9DD3-1D079B07FBA4}.Release|Any CPU.Build.0 = Release|Any CPU
		{855CFD08-4341-4543-89F7-33ABD9B5AB05}.Debug|Any CPU.ActiveCfg = Debug|Any CPU
		{855CFD08-4341-4543-89F7-33ABD9B5AB05}.Debug|Any CPU.Build.0 = Debug|Any CPU
		{855CFD08-4341-4543-89F7-33ABD9B5AB05}.Release|Any CPU.ActiveCfg = Release|Any CPU
		{855CFD08-4341-4543-89F7-33ABD9B5AB05}.Release|Any CPU.Build.0 = Release|Any CPU
	EndGlobalSection
	GlobalSection(SolutionProperties) = preSolution
		HideSolutionNode = FALSE
	EndGlobalSection
EndGlobal
